
Microsoft Visual Studio Solution File, Format Version 12.00
# Visual Studio Version 17
VisualStudioVersion = 17.8.34330.188
MinimumVisualStudioVersion = 10.0.40219.1
Project("{FAE04EC0-301F-11D3-BF4B-00C04F79EFBC}") = "library_system", "library_system\library_system.csproj", "{5C7C1129-D35A-4A3E-BDBF-DE3EB50C7DA7}"
EndProject
Global
	GlobalSection(SolutionConfigurationPlatforms) = preSolution
		Debug|Any CPU = Debug|Any CPU
		Release|Any CPU = Release|Any CPU
	EndGlobalSection
	GlobalSection(ProjectConfigurationPlatforms) = postSolution
		{5C7C1129-D35A-4A3E-BDBF-DE3EB50C7DA7}.Debug|Any CPU.ActiveCfg = Debug|Any CPU
		{5C7C1129-D35A-4A3E-BDBF-DE3EB50C7DA7}.Debug|Any CPU.Build.0 = Debug|Any CPU
		{5C7C1129-D35A-4A3E-BDBF-DE3EB50C7DA7}.Release|Any CPU.ActiveCfg = Release|Any CPU
		{5C7C1129-D35A-4A3E-BDBF-DE3EB50C7DA7}.Release|Any CPU.Build.0 = Release|Any CPU
	EndGlobalSection
	GlobalSection(SolutionProperties) = preSolution
		HideSolutionNode = FALSE
	EndGlobalSection
	GlobalSection(ExtensibilityGlobals) = postSolution
		SolutionGuid = {18FB2637-FC8B-4A4B-B3CD-A7BDEE551EB5}
	EndGlobalSection
EndGlobal
